{
  "name": "app",
  "version": "0.0.0",
  "lockfileVersion": 3,
  "requires": true,
  "packages": {
    "": {
      "name": "app",
      "version": "0.0.0",
      "dependencies": {
        "echarts": "^6.1.0",
        "pinia": "^4.0.3",
        "vue": "^3.5.42",
        "vue-router": "^4.6.4"
      },
      "devDependencies": {
        "@vitejs/plugin-vue": "^5.2.4",
        "vite": "^5.4.21"
      }
    },
    "node_modules/@babel/helper-string-parser": {
      "version": "7.29.7",
      "resolved": "https://artifactory.devops.xiaohongshu.com/artifactory/api/npm/npm-public/@babel/helper-string-parser/download/@babel/helper-string-parser-7.29.7.tgz",
      "integrity": "sha1-fwhx2Zgk0jE31g+G/PYTD9WhtR8=",
      "license": "MIT",
      "engines": {
        "node": ">=6.9.0"
      }
    },
    "node_modules/@babel/helper-validator-identifier": {
      "version": "7.29.7",
      "resolved": "https://artifactory.devops.xiaohongshu.com/artifactory/api/npm/npm-public/@babel/helper-validator-identifier/download/@babel/helper-validator-identifier-7.29.7.tgz",
      "integrity": "sha1-vYcITO0MeW7Ea9pJLeboPSnon8I=",
      "license": "MIT",
      "engines": {
        "node": ">=6.9.0"
      }
    },
    "node_modules/@babel/parser": {
      "version": "7.29.8",
      "resolved": "https://artifactory.devops.xiaohongshu.com/artifactory/api/npm/npm-public/@babel/parser/-/parser-7.29.8.tgz",
      "integrity": "sha512-E8lTAYNB1KW+FH+VGJuZM1ioAx2E6oVlvQFRrf5P8ZZmsiJXYAD9vTFV7yyEURNzgh1dFqMZuO6tUwcARbqFCA==",
      "license": "MIT",
      "dependencies": {
        "@babel/types": "^7.29.8"
      },
      "bin": {
        "parser": "bin/babel-parser.js"
      },
      "engines": {
        "node": ">=6.0.0"
      }
    },
    "node_modules/@babel/types": {
      "version": "7.29.8",
      "resolved": "https://artifactory.devops.xiaohongshu.com/artifactory/api/npm/npm-public/@babel/types/-/types-7.29.8.tgz",
      "integrity": "sha512-Vj1jF3cPfxg7OAfoI7QnVKLoILlm2JF9pnVHrX8qx7AHMiYWT+NDAA7jChlNgRS4WTLc/fD1lXLmPixluj+3Gg==",
      "license": "MIT",
      "dependencies": {
        "@babel/helper-string-parser": "^7.29.7",
        "@babel/helper-validator-identifier": "^7.29.7"
      },
      "engines": {
        "node": ">=6.9.0"
      }
    },
    "node_modules/@esbuild/aix-ppc64": {
      "version": "0.21.5",
      "resolved": "https://artifactory.devops.xiaohongshu.com/artifactory/api/npm/npm-public/@esbuild/aix-ppc64/download/@esbuild/aix-ppc64-0.21.5.tgz",
      "integrity": "sha1-xxhKMmUz/N8bjuBzPiHHE7l1V18=",
      "cpu": [
        "ppc64"
      ],
      "dev": true,
      "license": "MIT",
      "optional": true,
      "os": [
        "aix"
      ],
      "engines": {
        "node": ">=12"
      }
    },
    "node_modules/@esbuild/android-arm": {
      "version": "0.21.5",
      "resolved": "https://artifactory.devops.xiaohongshu.com/artifactory/api/npm/npm-public/@esbuild/android-arm/download/@esbuild/android-arm-0.21.5.tgz",
      "integrity": "sha1-mwQ4T7dxkm36bXrQQyTssqubLig=",
      "cpu": [
        "arm"
      ],
      "dev": true,
      "license": "MIT",
      "optional": true,
      "os": [
        "android"
      ],
      "engines": {
        "node": ">=12"
      }
    },
    "node_modules/@esbuild/android-arm64": {
      "version": "0.21.5",
      "resolved": "https://artifactory.devops.xiaohongshu.com/artifactory/api/npm/npm-public/@esbuild/android-arm64/download/@esbuild/android-arm64-0.21.5.tgz",
      "integrity": "sha1-Cdm0NXeA2p6jp9+4M6Hx/0ObQFI=",
      "cpu": [
        "arm64"
      ],
      "dev": true,
      "license": "MIT",
      "optional": true,
      "os": [
        "android"
      ],
      "engines": {
        "node": ">=12"
      }
    },
    "node_modules/@esbuild/android-x64": {
      "version": "0.21.5",
      "resolved": "https://artifactory.devops.xiaohongshu.com/artifactory/api/npm/npm-public/@esbuild/android-x64/download/@esbuild/android-x64-0.21.5.tgz",
      "integrity": "sha1-KZGOwtt1TO3LbBsE3ozWVHr2Rh4=",
      "cpu": [
        "x64"
      ],
      "dev": true,
      "license": "MIT",
      "optional": true,
      "os": [
        "android"
      ],
      "engines": {
        "node": ">=12"
      }
    },
    "node_modules/@esbuild/darwin-arm64": {
      "version": "0.21.5",
      "resolved": "https://artifactory.devops.xiaohongshu.com/artifactory/api/npm/npm-public/@esbuild/darwin-arm64/download/@esbuild/darwin-arm64-0.21.5.tgz",
      "integrity": "sha1-5JW1OWYOUWkPOSivUKdvsKbM/yo=",
      "cpu": [
        "arm64"
      ],
      "dev": true,
      "license": "MIT",
      "optional": true,
      "os": [
        "darwin"
      ],
      "engines": {
        "node": ">=12"
      }
    },
    "node_modules/@esbuild/darwin-x64": {
      "version": "0.21.5",
      "resolved": "https://artifactory.devops.xiaohongshu.com/artifactory/api/npm/npm-public/@esbuild/darwin-x64/download/@esbuild/darwin-x64-0.21.5.tgz",
      "integrity": "sha1-wTg4+lc3KDmr3dyR1xVCzuouHiI=",
      "cpu": [
        "x64"
      ],
      "dev": true,
      "license": "MIT",
      "optional": true,
      "os": [
        "darwin"
      ],
      "engines": {
        "node": ">=12"
      }
    },
    "node_modules/@esbuild/freebsd-arm64": {
      "version": "0.21.5",
      "resolved": "https://artifactory.devops.xiaohongshu.com/artifactory/api/npm/npm-public/@esbuild/freebsd-arm64/download/@esbuild/freebsd-arm64-0.21.5.tgz",
      "integrity": "sha1-ZGuYmqIL+J/Qcd1dv61po1QuVQ4=",
      "cpu": [
        "arm64"
      ],
      "dev": true,
      "license": "MIT",
      "optional": true,
      "os": [
        "freebsd"
      ],
      "engines": {
        "node": ">=12"
      }
    },
    "node_modules/@esbuild/freebsd-x64": {
      "version": "0.21.5",
      "resolved": "https://artifactory.devops.xiaohongshu.com/artifactory/api/npm/npm-public/@esbuild/freebsd-x64/download/@esbuild/freebsd-x64-0.21.5.tgz",
      "integrity": "sha1-qmFc/ICvlU00WJBuOMoiwYz1wmE=",
      "cpu": [
        "x64"
      ],
      "dev": true,
      "license": "MIT",
      "optional": true,
      "os": [
        "freebsd"
      ],
      "engines": {
        "node": ">=12"
      }
    },
    "node_modules/@esbuild/linux-arm": {
      "version": "0.21.5",
      "resolved": "https://artifactory.devops.xiaohongshu.com/artifactory/api/npm/npm-public/@esbuild/linux-arm/download/@esbuild/linux-arm-0.21.5.tgz",
      "integrity": "sha1-/G/RGorKVsH284lPK+oEefj2Jrk=",
      "cpu": [
        "arm"
      ],
      "dev": true,
      "license": "MIT",
      "optional": true,
      "os": [
        "linux"
      ],
      "engines": {
        "node": ">=12"
      }
    },
    "node_modules/@esbuild/linux-arm64": {
      "version": "0.21.5",
      "resolved": "https://artifactory.devops.xiaohongshu.com/artifactory/api/npm/npm-public/@esbuild/linux-arm64/download/@esbuild/linux-arm64-0.21.5.tgz",
      "integrity": "sha1-cKxvoU9ct+H3+Ie8/7aArQmSK1s=",
      "cpu": [
        "arm64"
      ],
      "dev": true,
      "license": "MIT",
      "optional": true,
      "os": [
        "linux"
      ],
      "engines": {
        "node": ">=12"
      }
    },
    "node_modules/@esbuild/linux-ia32": {
      "version": "0.21.5",
      "resolved": "https://artifactory.devops.xiaohongshu.com/artifactory/api/npm/npm-public/@esbuild/linux-ia32/download/@esbuild/linux-ia32-0.21.5.tgz",
      "integrity": "sha1-MnH1Oz+T49CT1RjRZJ1taNNG7eI=",
      "cpu": [
        "ia32"
      ],
      "dev": true,
      "license": "MIT",
      "optional": true,
      "os": [
        "linux"
      ],
      "engines": {
        "node": ">=12"
      }
    },
    "node_modules/@esbuild/linux-loong64": {
      "version": "0.21.5",
      "resolved": "https://artifactory.devops.xiaohongshu.com/artifactory/api/npm/npm-public/@esbuild/linux-loong64/download/@esbuild/linux-loong64-0.21.5.tgz",
      "integrity": "sha1-7WLgQjjFcCauqDHFoTC3PA+fJt8=",
      "cpu": [
        "loong64"
      ],
      "dev": true,
      "license": "MIT",
      "optional": true,
      "os": [
        "linux"
      ],
      "engines": {
        "node": ">=12"
      }
    },
    "node_modules/@esbuild/linux-mips64el": {
      "version": "0.21.5",
      "resolved": "https://artifactory.devops.xiaohongshu.com/artifactory/api/npm/npm-public/@esbuild/linux-mips64el/download/@esbuild/linux-mips64el-0.21.5.tgz",
      "integrity": "sha1-55uOtIvzsQb63sGsgkD7l7TmTL4=",
      "cpu": [
        "mips64el"
      ],
      "dev": true,
      "license": "MIT",
      "optional": true,
      "os": [
        "linux"
      ],
      "engines": {
        "node": ">=12"
      }
    },
    "node_modules/@esbuild/linux-ppc64": {
      "version": "0.21.5",
      "resolved": "https://artifactory.devops.xiaohongshu.com/artifactory/api/npm/npm-public/@esbuild/linux-ppc64/download/@esbuild/linux-ppc64-0.21.5.tgz",
      "integrity": "sha1-XyIDhgoUO5kZ04PvdXNSH7FUw+Q=",
      "cpu": [
        "ppc64"
      ],
      "dev": true,
      "license": "MIT",
      "optional": true,
      "os": [
        "linux"
      ],
      "engines": {
        "node": ">=12"
      }
    },
    "node_modules/@esbuild/linux-riscv64": {
      "version": "0.21.5",
      "resolved": "https://artifactory.devops.xiaohongshu.com/artifactory/api/npm/npm-public/@esbuild/linux-riscv64/download/@esbuild/linux-riscv64-0.21.5.tgz",
      "integrity": "sha1-B7yv2ZMi1a9i9hjLnmqbf0u4Jdw=",
      "cpu": [
        "riscv64"
      ],
      "dev": true,
      "license": "MIT",
      "optional": true,
      "os": [
        "linux"
      ],
      "engines": {
        "node": ">=12"
      }
    },
    "node_modules/@esbuild/linux-s390x": {
      "version": "0.21.5",
      "resolved": "https://artifactory.devops.xiaohongshu.com/artifactory/api/npm/npm-public/@esbuild/linux-s390x/download/@esbuild/linux-s390x-0.21.5.tgz",
      "integrity": "sha1-t8z2hnUdaj5EuGJ6uryL4+9i2N4=",
      "cpu": [
        "s390x"
      ],
      "dev": true,
      "license": "MIT",
      "optional": true,
      "os": [
        "linux"
      ],
      "engines": {
        "node": ">=12"
      }
    },
    "node_modules/@esbuild/linux-x64": {
      "version": "0.21.5",
      "resolved": "https://artifactory.devops.xiaohongshu.com/artifactory/api/npm/npm-public/@esbuild/linux-x64/download/@esbuild/linux-x64-0.21.5.tgz",
      "integrity": "sha1-bY8Mdo4HDmQwmvgAS7lOaKsrs7A=",
      "cpu": [
        "x64"
      ],
      "dev": true,
      "license": "MIT",
      "optional": true,
      "os": [
        "linux"
      ],
      "engines": {
        "node": ">=12"
      }
    },
    "node_modules/@esbuild/netbsd-x64": {
      "version": "0.21.5",
      "resolved": "https://artifactory.devops.xiaohongshu.com/artifactory/api/npm/npm-public/@esbuild/netbsd-x64/download/@esbuild/netbsd-x64-0.21.5.tgz",
      "integrity": "sha1-u+Qw9g03jsuI3sshnGAmZzh6YEc=",
      "cpu": [
        "x64"
      ],
      "dev": true,
      "license": "MIT",
      "optional": true,
      "os": [
        "netbsd"
      ],
      "engines": {
        "node": ">=12"
      }
    },
    "node_modules/@esbuild/openbsd-x64": {
      "version": "0.21.5",
      "resolved": "https://artifactory.devops.xiaohongshu.com/artifactory/api/npm/npm-public/@esbuild/openbsd-x64/download/@esbuild/openbsd-x64-0.21.5.tgz",
      "integrity": "sha1-mdHPKTcnlWDSEEgh9czOIgyyr3A=",
      "cpu": [
        "x64"
      ],
      "dev": true,
      "license": "MIT",
      "optional": true,
      "os": [
        "openbsd"
      ],
      "engines": {
        "node": ">=12"
      }
    },
    "node_modules/@esbuild/sunos-x64": {
      "version": "0.21.5",
      "resolved": "https://artifactory.devops.xiaohongshu.com/artifactory/api/npm/npm-public/@esbuild/sunos-x64/download/@esbuild/sunos-x64-0.21.5.tgz",
      "integrity": "sha1-CHQVEsENUpVmurqDe0/gUsjzSHs=",
      "cpu": [
        "x64"
      ],
      "dev": true,
      "license": "MIT",
      "optional": true,
      "os": [
        "sunos"
      ],
      "engines": {
        "node": ">=12"
      }
    },
    "node_modules/@esbuild/win32-arm64": {
      "version": "0.21.5",
      "resolved": "https://artifactory.devops.xiaohongshu.com/artifactory/api/npm/npm-public/@esbuild/win32-arm64/download/@esbuild/win32-arm64-0.21.5.tgz",
      "integrity": "sha1-Z1tzhTmEESQHNQFhRKsumaYPx10=",
      "cpu": [
        "arm64"
      ],
      "dev": true,
      "license": "MIT",
      "optional": true,
      "os": [
        "win32"
      ],
      "engines": {
        "node": ">=12"
      }
    },
    "node_modules/@esbuild/win32-ia32": {
      "version": "0.21.5",
      "resolved": "https://artifactory.devops.xiaohongshu.com/artifactory/api/npm/npm-public/@esbuild/win32-ia32/download/@esbuild/win32-ia32-0.21.5.tgz",
      "integrity": "sha1-G/w86YqmypoJaeTSr3IUTFnBGTs=",
      "cpu": [
        "ia32"
      ],
      "dev": true,
      "license": "MIT",
      "optional": true,
      "os": [
        "win32"
      ],
      "engines": {
        "node": ">=12"
      }
    },
    "node_modules/@esbuild/win32-x64": {
      "version": "0.21.5",
      "resolved": "https://artifactory.devops.xiaohongshu.com/artifactory/api/npm/npm-public/@esbuild/win32-x64/download/@esbuild/win32-x64-0.21.5.tgz",
      "integrity": "sha1-rK01HVgtFXuxRVNdsqb/U91RS1w=",
      "cpu": [
        "x64"
      ],
      "dev": true,
      "license": "MIT",
      "optional": true,
      "os": [
        "win32"
      ],
      "engines": {
        "node": ">=12"
      }
    },
    "node_modules/@jridgewell/sourcemap-codec": {
      "version": "1.6.0",
      "resolved": "https://artifactory.devops.xiaohongshu.com/artifactory/api/npm/npm-public/@jridgewell/sourcemap-codec/-/sourcemap-codec-1.6.0.tgz",
      "integrity": "sha512-T7jf+5zgsZHwNJ4lvQ7/aezbyk0nNX+zJVWpmHA7VYsEx7a7qr5Rg5IbtJFqkgze5Y2sruq1RUY8Q837Od7iFw==",
      "license": "MIT"
    },
    "node_modules/@napi-rs/lzma-linux-x64-gnu": {
      "version": "1.5.1",
      "resolved": "https://artifactory.devops.xiaohongshu.com/artifactory/api/npm/npm-public/@napi-rs/lzma-linux-x64-gnu/-/lzma-linux-x64-gnu-1.5.1.tgz",
      "integrity": "sha512-oTXEIha4SsuXdTA4Iyskj0kpdx2yVXdhd75c2v3xGrHFfVMsbhTPZU/nMPL4sWKo4pBHm3aucLaqGlF696dTyQ==",
      "cpu": [
        "x64"
      ],
      "dev": true,
      "license": "MIT",
      "optional": true,
      "os": [
        "linux"
      ],
      "engines": {
        "node": "^22.20 || ^24.12 || >=25"
      }
    },
    "node_modules/@rollup/rollup-android-arm-eabi": {
      "version": "4.63.3",
      "resolved": "https://artifactory.devops.xiaohongshu.com/artifactory/api/npm/npm-public/@rollup/rollup-android-arm-eabi/-/rollup-android-arm-eabi-4.63.3.tgz",
      "integrity": "sha512-w3Jnvi1ocaVm/c7yVPpfB98XeSRBMyzp6njL5MVVbGyXjpmUkN+s6Hp4t0PqhGCCaI1ZHMKXt/w0lA1RCaLVcw==",
      "cpu": [
        "arm"
      ],
      "dev": true,
      "license": "MIT",
      "optional": true,
      "os": [
        "android"
      ]
    },
    "node_modules/@rollup/rollup-android-arm64": {
      "version": "4.63.3",
      "resolved": "https://artifactory.devops.xiaohongshu.com/artifactory/api/npm/npm-public/@rollup/rollup-android-arm64/-/rollup-android-arm64-4.63.3.tgz",
      "integrity": "sha512-uI/ESiaIbbRYAEhzy8PCUWDp1hB0bjAqM06mW9flOoNO4Q8DQpeoREhBR5Hegfl+wpXiguyJv6XSPzEN7OxyHQ==",
      "cpu": [
        "arm64"
      ],
      "dev": true,
      "license": "MIT",
      "optional": true,
      "os": [
        "android"
      ]
    },
    "node_modules/@rollup/rollup-darwin-arm64": {
      "version": "4.63.3",
      "resolved": "https://artifactory.devops.xiaohongshu.com/artifactory/api/npm/npm-public/@rollup/rollup-darwin-arm64/-/rollup-darwin-arm64-4.63.3.tgz",
      "integrity": "sha512-oxhrd1jmXLwWZ83eQYDXxuqRdkqkzrjR3JobKeuUyfdNZo11FuQIvqEOZhyIT7OBHxXoGslDDjN0cQcM6T0TqQ==",
      "cpu": [
        "arm64"
      ],
      "dev": true,
      "license": "MIT",
      "optional": true,
      "os": [
        "darwin"
      ]
    },
    "node_modules/@rollup/rollup-darwin-x64": {
      "version": "4.63.3",
      "resolved": "https://artifactory.devops.xiaohongshu.com/artifactory/api/npm/npm-public/@rollup/rollup-darwin-x64/-/rollup-darwin-x64-4.63.3.tgz",
      "integrity": "sha512-7/YiIMghVE8DrxKvNdorAaJVdriOFgOIpdStnPx8ppx5zfTwC3jBCSEAIzB7JD5404m65THl6H93UTTVUvypmg==",
      "cpu": [
        "x64"
      ],
      "dev": true,
      "license": "MIT",
      "optional": true,
      "os": [
        "darwin"
      ]
    },
    "node_modules/@rollup/rollup-freebsd-arm64": {
      "version": "4.63.3",
      "resolved": "https://artifactory.devops.xiaohongshu.com/artifactory/api/npm/npm-public/@rollup/rollup-freebsd-arm64/-/rollup-freebsd-arm64-4.63.3.tgz",
      "integrity": "sha512-GXFZRRoMAytaI5z6N3Zhfw0WL18Q0M8r95D5hlC4GqE/lGk8pbSJNUBoOWDfbm6dTciqHj2nU87tI5f6XhQiOg==",
      "cpu": [
        "arm64"
      ],
      "dev": true,
      "license": "MIT",
      "optional": true,
      "os": [
        "freebsd"
      ]
    },
    "node_modules/@rollup/rollup-freebsd-x64": {
      "version": "4.63.3",
      "resolved": "https://artifactory.devops.xiaohongshu.com/artifactory/api/npm/npm-public/@rollup/rollup-freebsd-x64/-/rollup-freebsd-x64-4.63.3.tgz",
      "integrity": "sha512-77W+8X3ddYgPxUpB8nZFQs2Mq+wc4HVlcSRtApXLjYBcnPMkttrSnU8VwKQjeWYhMsITHFs5cWBQ8vz1Q+5RHQ==",
      "cpu": [
        "x64"
      ],
      "dev": true,
      "license": "MIT",
      "optional": true,
      "os": [
        "freebsd"
      ]
    },
    "node_modules/@rollup/rollup-linux-arm-gnueabihf": {
      "version": "4.63.3",
      "resolved": "https://artifactory.devops.xiaohongshu.com/artifactory/api/npm/npm-public/@rollup/rollup-linux-arm-gnueabihf/-/rollup-linux-arm-gnueabihf-4.63.3.tgz",
      "integrity": "sha512-FVkwK+iUC+mq+GipVK46rRVticfAPtvPUNlqlGXUDxdVk/UGjQiiiUVPUrEXdSpU2ufU0XxLGyTqDtBidDOVmg==",
      "cpu": [
        "arm"
      ],
      "dev": true,
      "license": "MIT",
      "optional": true,
      "os": [
        "linux"
      ]
    },
    "node_modules/@rollup/rollup-linux-arm-musleabihf": {
      "version": "4.63.3",
      "resolved": "https://artifactory.devops.xiaohongshu.com/artifactory/api/npm/npm-public/@rollup/rollup-linux-arm-musleabihf/-/rollup-linux-arm-musleabihf-4.63.3.tgz",
      "integrity": "sha512-+aGU1t3398yQOVj1Bz8o3e+KtswxAPvO+mtxtNdfXYMkXIHu7XhhkCD7/DEH9q8tF8uhDnMWvfpUKI8y1sZJsg==",
      "cpu": [
        "arm"
      ],
      "dev": true,
      "license": "MIT",
      "optional": true,
      "os": [
        "linux"
      ]
    },
    "node_modules/@rollup/rollup-linux-arm64-gnu": {
      "version": "4.63.3",
      "resolved": "https://artifactory.devops.xiaohongshu.com/artifactory/api/npm/npm-public/@rollup/rollup-linux-arm64-gnu/-/rollup-linux-arm64-gnu-4.63.3.tgz",
      "integrity": "sha512-cR0kjpRXR2KJ2oQK8E2KTPtphs+b9hZ8IhTZubNryt/RsqgdOZBQ2Zq0q5UedtiIi0rs3jVhJh55RE1ZHUVGUA==",
      "cpu": [
        "arm64"
      ],
      "dev": true,
      "license": "MIT",
      "optional": true,
      "os": [
        "linux"
      ]
    },
    "node_modules/@rollup/rollup-linux-arm64-musl": {
      "version": "4.63.3",
      "resolved": "https://artifactory.devops.xiaohongshu.com/artifactory/api/npm/npm-public/@rollup/rollup-linux-arm64-musl/-/rollup-linux-arm64-musl-4.63.3.tgz",
      "integrity": "sha512-y1RYi4Q3/9ByVWSSt9kX2ustE0B7kFYbJ6zZdVZVyqopZs3yhCTwRfrjIX4vezUJInma/Gs6BOFDJg7yZmJ0IQ==",
      "cpu": [
        "arm64"
      ],
      "dev": true,
      "license": "MIT",
      "optional": true,
      "os": [
        "linux"
      ]
    },
    "node_modules/@rollup/rollup-linux-loong64-gnu": {
      "version": "4.63.3",
      "resolved": "https://artifactory.devops.xiaohongshu.com/artifactory/api/npm/npm-public/@rollup/rollup-linux-loong64-gnu/-/rollup-linux-loong64-gnu-4.63.3.tgz",
      "integrity": "sha512-DNhEA5viIj3Z5bZLE4z4oV8N5ozWqDwyt7T6KG7VdLDJ0nW+rNOYlphBl4/3HQkK75qipPLsVOfStHHOwN9WSg==",
      "cpu": [
        "loong64"
      ],
      "dev": true,
      "license": "MIT",
      "optional": true,
      "os": [
        "linux"
      ]
    },
    "node_modules/@rollup/rollup-linux-loong64-musl": {
      "version": "4.63.3",
      "resolved": "https://artifactory.devops.xiaohongshu.com/artifactory/api/npm/npm-public/@rollup/rollup-linux-loong64-musl/-/rollup-linux-loong64-musl-4.63.3.tgz",
      "integrity": "sha512-17gQCqrIpXBX2Cmi9/TygnVOqGbzsba/iaqcYSL8FY7lNugg+7AiYNs5c5nKWD+NRQha36Sa0CqkJqH4XVHwnQ==",
      "cpu": [
        "loong64"
      ],
      "dev": true,
      "license": "MIT",
      "optional": true,
      "os": [
        "linux"
      ]
    },
    "node_modules/@rollup/rollup-linux-ppc64-gnu": {
      "version": "4.63.3",
      "resolved": "https://artifactory.devops.xiaohongshu.com/artifactory/api/npm/npm-public/@rollup/rollup-linux-ppc64-gnu/-/rollup-linux-ppc64-gnu-4.63.3.tgz",
      "integrity": "sha512-6LwVnZRIyINpdku/yOcI8Tm9YqLmhHK5emmlOOnW9tO0SYEm1FmKPcsSAGp0NBlqR2P04xaND4jvN6sTHqhq8A==",
      "cpu": [
        "ppc64"
      ],
      "dev": true,
      "license": "MIT",
      "optional": true,
      "os": [
        "linux"
      ]
    },
    "node_modules/@rollup/rollup-linux-ppc64-musl": {
      "version": "4.63.3",
      "resolved": "https://artifactory.devops.xiaohongshu.com/artifactory/api/npm/npm-public/@rollup/rollup-linux-ppc64-musl/-/rollup-linux-ppc64-musl-4.63.3.tgz",
      "integrity": "sha512-xMUqkTXlEUtI/p5AAukMwBRr1enU3efsTeF+bskeFfk8t1C9rcC8sLREcZXmTfAXEbvRdJVSonVJez3TMlbR3w==",
      "cpu": [
        "ppc64"
      ],
      "dev": true,
      "license": "MIT",
      "optional": true,
      "os": [
        "linux"
      ]
    },
    "node_modules/@rollup/rollup-linux-riscv64-gnu": {
      "version": "4.63.3",
      "resolved": "https://artifactory.devops.xiaohongshu.com/artifactory/api/npm/npm-public/@rollup/rollup-linux-riscv64-gnu/-/rollup-linux-riscv64-gnu-4.63.3.tgz",
      "integrity": "sha512-S3E94co9F9WRRqEaUoQZ38K1gCz6KiM+nL7/3ijq7fDGF3OznjS5TasgYITlvl27GQKtu4lOAOsr5MFwkijvOA==",
      "cpu": [
        "riscv64"
      ],
      "dev": true,
      "license": "MIT",
      "optional": true,
      "os": [
        "linux"
      ]
    },
    "node_modules/@rollup/rollup-linux-riscv64-musl": {
      "version": "4.63.3",
      "resolved": "https://artifactory.devops.xiaohongshu.com/artifactory/api/npm/npm-public/@rollup/rollup-linux-riscv64-musl/-/rollup-linux-riscv64-musl-4.63.3.tgz",
      "integrity": "sha512-1QtRDwG42x5BJI3s9mxu5rEjDnfbSnk20HQ9/ylTAYnSwYwxMVb+Vgu34wzzTQ7ogqBybebgQNUDAvZVQ38DbA==",
      "cpu": [
        "riscv64"
      ],
      "dev": true,
      "license": "MIT",
      "optional": true,
      "os": [
        "linux"
      ]
    },
    "node_modules/@rollup/rollup-linux-s390x-gnu": {
      "version": "4.63.3",
      "resolved": "https://artifactory.devops.xiaohongshu.com/artifactory/api/npm/npm-public/@rollup/rollup-linux-s390x-gnu/-/rollup-linux-s390x-gnu-4.63.3.tgz",
      "integrity": "sha512-BQhejF6ZXOpxbngiNTP12GCGQeaDVL2QXGeBVViKIYzFHM5RKxTxwUMB1fr1BeNFphFMpnRqC5QSXFSa4z6UQw==",
      "cpu": [
        "s390x"
      ],
      "dev": true,
      "license": "MIT",
      "optional": true,
      "os": [
        "linux"
      ]
    },
    "node_modules/@rollup/rollup-linux-x64-gnu": {
      "version": "4.63.3",
      "resolved": "https://artifactory.devops.xiaohongshu.com/artifactory/api/npm/npm-public/@rollup/rollup-linux-x64-gnu/-/rollup-linux-x64-gnu-4.63.3.tgz",
      "integrity": "sha512-SXagRwnI2Wlwlitllu59UK/nGVbD1CKPcNqDplHwIC4BqJcpXFjD32d1R/RbuISa95HdQrZM3/7v4bKiowFaLA==",
      "cpu": [
        "x64"
      ],
      "dev": true,
      "license": "MIT",
      "optional": true,
      "os": [
        "linux"
      ]
    },
    "node_modules/@rollup/rollup-linux-x64-musl": {
      "version": "4.63.3",
      "resolved": "https://artifactory.devops.xiaohongshu.com/artifactory/api/npm/npm-public/@rollup/rollup-linux-x64-musl/-/rollup-linux-x64-musl-4.63.3.tgz",
      "integrity": "sha512-2IPozoEALRCziGqE8O9KMK60PMu5TS1huv4fwoeCexj+WjmcwFtX9CTOVbfXCUqcELAubEwRFPYlzb/WvwY2HQ==",
      "cpu": [
        "x64"
      ],
      "dev": true,
      "license": "MIT",
      "optional": true,
      "os": [
        "linux"
      ]
    },
    "node_modules/@rollup/rollup-openbsd-x64": {
      "version": "4.63.3",
      "resolved": "https://artifactory.devops.xiaohongshu.com/artifactory/api/npm/npm-public/@rollup/rollup-openbsd-x64/-/rollup-openbsd-x64-4.63.3.tgz",
      "integrity": "sha512-AoxqosUHT9IX54hFn2TiN6A7d6ZKTtE6pd2bqWtqkkNJ6HJGaU6FRouGX8L1O7R/ZwsnCnpQrHzb4pDEx+UHRQ==",
      "cpu": [
        "x64"
      ],
      "dev": true,
      "license": "MIT",
      "optional": true,
      "os": [
        "openbsd"
      ]
    },
    "node_modules/@rollup/rollup-openharmony-arm64": {
      "version": "4.63.3",
      "resolved": "https://artifactory.devops.xiaohongshu.com/artifactory/api/npm/npm-public/@rollup/rollup-openharmony-arm64/-/rollup-openharmony-arm64-4.63.3.tgz",
      "integrity": "sha512-d+CaftKgmkFBzCwezMqqy1d0QNNYugqLCMcYVQWBy5SS2YfeMP8Q8ripkgx9O8IyBXXLHrJ+aaCV4U96usv6Yg==",
      "cpu": [
        "arm64"
      ],
      "dev": true,
      "license": "MIT",
      "optional": true,
      "os": [
        "openharmony"
      ]
    },
    "node_modules/@rollup/rollup-win32-arm64-msvc": {
      "version": "4.63.3",
      "resolved": "https://artifactory.devops.xiaohongshu.com/artifactory/api/npm/npm-public/@rollup/rollup-win32-arm64-msvc/-/rollup-win32-arm64-msvc-4.63.3.tgz",
      "integrity": "sha512-xXlDF6nR1eOuXbdDy5Hl5fmtY7teUDevF/k0O7IPoZe4Tpmdv+lgdE5JRsnhQtt37ql9P0VF2kAN9a0OCZdo+Q==",
      "cpu": [
        "arm64"
      ],
      "dev": true,
      "license": "MIT",
      "optional": true,
      "os": [
        "win32"
      ]
    },
    "node_modules/@rollup/rollup-win32-ia32-msvc": {
      "version": "4.63.3",
      "resolved": "https://artifactory.devops.xiaohongshu.com/artifactory/api/npm/npm-public/@rollup/rollup-win32-ia32-msvc/-/rollup-win32-ia32-msvc-4.63.3.tgz",
      "integrity": "sha512-YtXAgLN+JP7Ay6qG3eWhc7IHMQPzLc8r3uvhAvlJIoCz/4Q32+Bl9Fmnywidh8v1GOIMmymjovfqY9ETAtysvA==",
      "cpu": [
        "ia32"
      ],
      "dev": true,
      "license": "MIT",
      "optional": true,
      "os": [
        "win32"
      ]
    },
    "node_modules/@rollup/rollup-win32-x64-gnu": {
      "version": "4.63.3",
      "resolved": "https://artifactory.devops.xiaohongshu.com/artifactory/api/npm/npm-public/@rollup/rollup-win32-x64-gnu/-/rollup-win32-x64-gnu-4.63.3.tgz",
      "integrity": "sha512-WuWtSJRNo549vzcfZyEgfqb6zeSgn1F+UE5kQ+BCjzz0W4MGCjntUHkZVc1VRuAM7+ULaSyhiPxD1spyewFvkQ==",
      "cpu": [
        "x64"
      ],
      "dev": true,
      "license": "MIT",
      "optional": true,
      "os": [
        "win32"
      ]
    },
    "node_modules/@rollup/rollup-win32-x64-msvc": {
      "version": "4.63.3",
      "resolved": "https://artifactory.devops.xiaohongshu.com/artifactory/api/npm/npm-public/@rollup/rollup-win32-x64-msvc/-/rollup-win32-x64-msvc-4.63.3.tgz",
      "integrity": "sha512-+lIKX7O0+IGe7WuhATaAMMeT7B76vfhXH/l9wLQL+nvyhbw2ohYCKIdWL56JfDu75CWt5oKRP4QFH/jkMtBquA==",
      "cpu": [
        "x64"
      ],
      "dev": true,
      "license": "MIT",
      "optional": true,
      "os": [
        "win32"
      ]
    },
    "node_modules/@types/estree": {
      "version": "1.0.9",
      "resolved": "https://artifactory.devops.xiaohongshu.com/artifactory/api/npm/npm-public/@types/estree/download/@types/estree-1.0.9.tgz",
      "integrity": "sha1-zz8Oh2177hWpOrkluCv1cKOQSiQ=",
      "dev": true,
      "license": "MIT"
    },
    "node_modules/@vitejs/plugin-vue": {
      "version": "5.2.4",
      "resolved": "https://artifactory.devops.xiaohongshu.com/artifactory/api/npm/npm-public/@vitejs/plugin-vue/-/plugin-vue-5.2.4.tgz",
      "integrity": "sha512-7Yx/SXSOcQq5HiiV3orevHUFn+pmMB4cgbEkDYgnkUWb0WfeQ/wa2yFv6D5ICiCQOVpjA7vYDXrC7AGO8yjDHA==",
      "dev": true,
      "license": "MIT",
      "engines": {
        "node": "^18.0.0 || >=20.0.0"
      },
      "peerDependencies": {
        "vite": "^5.0.0 || ^6.0.0",
        "vue": "^3.2.25"
      }
    },
    "node_modules/@vue/compiler-core": {
      "version": "3.5.42",
      "resolved": "https://artifactory.devops.xiaohongshu.com/artifactory/api/npm/npm-public/@vue/compiler-core/-/compiler-core-3.5.42.tgz",
      "integrity": "sha512-2Ye1ilMtKXxl8qZUrQ5j0CdgenFp/HFQmta6rfRyfEsTG69L6Wk+tWuNoHYHMx9E8tF2Slvdg1FuwDvAXdy1LQ==",
      "license": "MIT",
      "dependencies": {
        "@babel/parser": "^7.29.8",
        "@vue/shared": "3.5.42",
        "entities": "^7.0.1",
        "estree-walker": "^2.0.2",
        "source-map-js": "^1.2.1"
      }
    },
    "node_modules/@vue/compiler-dom": {
      "version": "3.5.42",
      "resolved": "https://artifactory.devops.xiaohongshu.com/artifactory/api/npm/npm-public/@vue/compiler-dom/-/compiler-dom-3.5.42.tgz",
      "integrity": "sha512-qbhQZEFmycr+ni/qyuccS4sucNN7VAbDfbkvNxWOX2VfgFm90MNs3/UhRNKoPMEIVn0F8gdlYjLPvqxHwHeQOA==",
      "license": "MIT",
      "dependencies": {
        "@vue/compiler-core": "3.5.42",
        "@vue/shared": "3.5.42"
      }
    },
    "node_modules/@vue/compiler-sfc": {
      "version": "3.5.42",
      "resolved": "https://artifactory.devops.xiaohongshu.com/artifactory/api/npm/npm-public/@vue/compiler-sfc/-/compiler-sfc-3.5.42.tgz",
      "integrity": "sha512-fkCAFB4okcAANGMThboWnScp/gzWjU0ZSkVnjTIiplmMDq2uq0tIB3j+xVu4rhv5rvOgBySCysudmbMd6xRRqw==",
      "license": "MIT",
      "dependencies": {
        "@babel/parser": "^7.29.8",
        "@vue/compiler-core": "3.5.42",
        "@vue/compiler-dom": "3.5.42",
        "@vue/compiler-ssr": "3.5.42",
        "@vue/shared": "3.5.42",
        "estree-walker": "^2.0.2",
        "magic-string": "^0.30.21",
        "postcss": "^8.5.19",
        "source-map-js": "^1.2.1"
      }
    },
    "node_modules/@vue/compiler-ssr": {
      "version": "3.5.42",
      "resolved": "https://artifactory.devops.xiaohongshu.com/artifactory/api/npm/npm-public/@vue/compiler-ssr/-/compiler-ssr-3.5.42.tgz",
      "integrity": "sha512-xmLk3wLkbizPAiLyomjgFFosf2ys9b5Ghb+oh/k2tnvipNz8OFrQOiTcWCzyK7MpBp9KkyGtfvgfLUivbmuGYA==",
      "license": "MIT",
      "dependencies": {
        "@vue/compiler-dom": "3.5.42",
        "@vue/shared": "3.5.42"
      }
    },
    "node_modules/@vue/devtools-api": {
      "version": "8.2.1",
      "resolved": "https://artifactory.devops.xiaohongshu.com/artifactory/api/npm/npm-public/@vue/devtools-api/-/devtools-api-8.2.1.tgz",
      "integrity": "sha512-6u4vXBlIBAC1wMplIZgpyPn7uh/s4Bf6F5bMzvLv+EdJ0aHs/+4B7Ygv864EStQSjRbsRzTko/kUG1A1IejQ3A==",
      "license": "MIT",
      "peer": true,
      "dependencies": {
        "@vue/devtools-kit": "^8.2.1"
      }
    },
    "node_modules/@vue/devtools-kit": {
      "version": "8.2.1",
      "resolved": "https://artifactory.devops.xiaohongshu.com/artifactory/api/npm/npm-public/@vue/devtools-kit/-/devtools-kit-8.2.1.tgz",
      "integrity": "sha512-FIGIuq3AWReEpbAHY/cRGeHDfI0qOb8OCQ3YjbEAX04uaxIDbGc9rhkbVcG7rnfHPXE3RsU5KrWOu9V/okd8AQ==",
      "license": "MIT",
      "peer": true,
      "dependencies": {
        "@vue/devtools-shared": "^8.2.1",
        "birpc": "^2.6.1",
        "hookable": "^5.5.3",
        "perfect-debounce": "^2.0.0"
      }
    },
    "node_modules/@vue/devtools-shared": {
      "version": "8.2.1",
      "resolved": "https://artifactory.devops.xiaohongshu.com/artifactory/api/npm/npm-public/@vue/devtools-shared/-/devtools-shared-8.2.1.tgz",
      "integrity": "sha512-Fkac7lUdGReh6pVOi3AYPRGe82LQqRmAfThW7RRligOAP0ZA/Z1z9XLHDM9dv34pV2HRc79DK8uKPeG2fLnA/g==",
      "license": "MIT",
      "peer": true
    },
    "node_modules/@vue/reactivity": {
      "version": "3.5.42",
      "resolved": "https://artifactory.devops.xiaohongshu.com/artifactory/api/npm/npm-public/@vue/reactivity/-/reactivity-3.5.42.tgz",
      "integrity": "sha512-TzNNfKpb7hDxbQltwAut8VDQA5YP+BuRlxntHUuRjyKwlMvmAPbs3unhCvieijifY6vFfVBwsS7wG/C7uq+bEQ==",
      "license": "MIT",
      "dependencies": {
        "@vue/shared": "3.5.42"
      }
    },
    "node_modules/@vue/runtime-core": {
      "version": "3.5.42",
      "resolved": "https://artifactory.devops.xiaohongshu.com/artifactory/api/npm/npm-public/@vue/runtime-core/-/runtime-core-3.5.42.tgz",
      "integrity": "sha512-9uACtuHs7vJGkm5Bp3xu4xRDLFTIYy5DgxpToVjqGIAhAEKwQfsaLvKINhM6nFVp6bZPRFGdDqd1g52MqKsotA==",
      "license": "MIT",
      "dependencies": {
        "@vue/reactivity": "3.5.42",
        "@vue/shared": "3.5.42"
      }
    },
    "node_modules/@vue/runtime-dom": {
      "version": "3.5.42",
      "resolved": "https://artifactory.devops.xiaohongshu.com/artifactory/api/npm/npm-public/@vue/runtime-dom/-/runtime-dom-3.5.42.tgz",
      "integrity": "sha512-rsCmhiWLaRxGltLwhlCWyYkFn7WAbKRh0q17eZ1A6Dq6eqc2ACQ61IIryxz0LrsvCzHSilLA9JHovVwM8CNE2g==",
      "license": "MIT",
      "dependencies": {
        "@vue/reactivity": "3.5.42",
        "@vue/runtime-core": "3.5.42",
        "@vue/shared": "3.5.42",
        "csstype": "^3.2.3"
      }
    },
    "node_modules/@vue/server-renderer": {
      "version": "3.5.42",
      "resolved": "https://artifactory.devops.xiaohongshu.com/artifactory/api/npm/npm-public/@vue/server-renderer/-/server-renderer-3.5.42.tgz",
      "integrity": "sha512-2++5dUyYS4gvo7xQXSECUDhB7TS0aOl5SeVfC5qSq1Jgfhjvegw1zqhwTIR3imZ+QYPJQw9gfcFvXGAjGZ7ajQ==",
      "license": "MIT",
      "dependencies": {
        "@vue/compiler-ssr": "3.5.42",
        "@vue/runtime-dom": "3.5.42",
        "@vue/shared": "3.5.42"
      }
    },
    "node_modules/@vue/shared": {
      "version": "3.5.42",
      "resolved": "https://artifactory.devops.xiaohongshu.com/artifactory/api/npm/npm-public/@vue/shared/-/shared-3.5.42.tgz",
      "integrity": "sha512-2rPxex1jQf4jvl9MOHl6YaXCPcrNqz/FstMOEh3QWY+/OME9nQTvl9WYeCwhW7AFjaR0SnngZGlp/wkR6rkI6g==",
      "license": "MIT"
    },
    "node_modules/birpc": {
      "version": "2.9.0",
      "resolved": "https://artifactory.devops.xiaohongshu.com/artifactory/api/npm/npm-public/birpc/-/birpc-2.9.0.tgz",
      "integrity": "sha512-KrayHS5pBi69Xi9JmvoqrIgYGDkD6mcSe/i6YKi3w5kekCLzrX4+nawcXqrj2tIp50Kw/mT/s3p+GVK0A0sKxw==",
      "license": "MIT",
      "peer": true,
      "funding": {
        "url": "https://github.com/sponsors/antfu"
      }
    },
    "node_modules/csstype": {
      "version": "3.2.3",
      "resolved": "https://artifactory.devops.xiaohongshu.com/artifactory/api/npm/npm-public/csstype/download/csstype-3.2.3.tgz",
      "integrity": "sha1-7EjA8+mT5QZIyG2lWeJhCZXPmJo=",
      "license": "MIT"
    },
    "node_modules/echarts": {
      "version": "6.1.0",
      "resolved": "https://artifactory.devops.xiaohongshu.com/artifactory/api/npm/npm-public/echarts/-/echarts-6.1.0.tgz",
      "integrity": "sha512-q0yaFPggC9FUdsWH4blavRWFmxdrIodbkoKNAjJudAI6CA9gNPxHtV2RcZNEepZVlk4yvBYkOkbk6HIVpIyHZA==",
      "license": "Apache-2.0",
      "dependencies": {
        "tslib": "2.3.0",
        "zrender": "6.1.0"
      }
    },
    "node_modules/entities": {
      "version": "7.0.1",
      "resolved": "https://artifactory.devops.xiaohongshu.com/artifactory/api/npm/npm-public/entities/download/entities-7.0.1.tgz",
      "integrity": "sha1-JuioiInbY0F9y5oeeaPxvJK1l2s=",
      "license": "BSD-2-Clause",
      "engines": {
        "node": ">=0.12"
      },
      "funding": {
        "url": "https://github.com/fb55/entities?sponsor=1"
      }
    },
    "node_modules/esbuild": {
      "version": "0.21.5",
      "resolved": "https://artifactory.devops.xiaohongshu.com/artifactory/api/npm/npm-public/esbuild/download/esbuild-0.21.5.tgz",
      "integrity": "sha1-nKMBsSCSKVm3ZjYNisgw2g0CmX0=",
      "dev": true,
      "hasInstallScript": true,
      "bin": {
        "esbuild": "bin/esbuild"
      },
      "engines": {
        "node": ">=12"
      },
      "optionalDependencies": {
        "@esbuild/aix-ppc64": "0.21.5",
        "@esbuild/android-arm": "0.21.5",
        "@esbuild/android-arm64": "0.21.5",
        "@esbuild/android-x64": "0.21.5",
        "@esbuild/darwin-arm64": "0.21.5",
        "@esbuild/darwin-x64": "0.21.5",
        "@esbuild/freebsd-arm64": "0.21.5",
        "@esbuild/freebsd-x64": "0.21.5",
        "@esbuild/linux-arm": "0.21.5",
        "@esbuild/linux-arm64": "0.21.5",
        "@esbuild/linux-ia32": "0.21.5",
        "@esbuild/linux-loong64": "0.21.5",
        "@esbuild/linux-mips64el": "0.21.5",
        "@esbuild/linux-ppc64": "0.21.5",
        "@esbuild/linux-riscv64": "0.21.5",
        "@esbuild/linux-s390x": "0.21.5",
        "@esbuild/linux-x64": "0.21.5",
        "@esbuild/netbsd-x64": "0.21.5",
        "@esbuild/openbsd-x64": "0.21.5",
        "@esbuild/sunos-x64": "0.21.5",
        "@esbuild/win32-arm64": "0.21.5",
        "@esbuild/win32-ia32": "0.21.5",
        "@esbuild/win32-x64": "0.21.5"
      }
    },
    "node_modules/estree-walker": {
      "version": "2.0.2",
      "resolved": "https://artifactory.devops.xiaohongshu.com/artifactory/api/npm/npm-public/estree-walker/download/estree-walker-2.0.2.tgz",
      "integrity": "sha1-UvAQF4wqTBF6d1fP6UKtt9LaTKw=",
      "license": "MIT"
    },
    "node_modules/fsevents": {
      "version": "2.3.3",
      "resolved": "https://artifactory.devops.xiaohongshu.com/artifactory/api/npm/npm-public/fsevents/download/fsevents-2.3.3.tgz",
      "integrity": "sha1-ysZAd4XQNnWipeGlMFxpezR9kNY=",
      "dev": true,
      "hasInstallScript": true,
      "optional": true,
      "os": [
        "darwin"
      ],
      "engines": {
        "node": "^8.16.0 || ^10.6.0 || >=11.0.0"
      }
    },
    "node_modules/hookable": {
      "version": "5.5.3",
      "resolved": "https://artifactory.devops.xiaohongshu.com/artifactory/api/npm/npm-public/hookable/download/hookable-5.5.3.tgz",
      "integrity": "sha1-bPw1iYSh75keJRjLntSneLvTIV0=",
      "license": "MIT",
      "peer": true
    },
    "node_modules/magic-string": {
      "version": "0.30.21",
      "resolved": "https://artifactory.devops.xiaohongshu.com/artifactory/api/npm/npm-public/magic-string/-/magic-string-0.30.21.tgz",
      "integrity": "sha512-vd2F4YUyEXKGcLHoq+TEyCjxueSeHnFxyyjNp80yg0XV4vUhnDer/lvvlqM/arB5bXQN5K2/3oinyCRyx8T2CQ==",
      "license": "MIT",
      "dependencies": {
        "@jridgewell/sourcemap-codec": "^1.5.5"
      }
    },
    "node_modules/nanoid": {
      "version": "3.3.19",
      "resolved": "https://artifactory.devops.xiaohongshu.com/artifactory/api/npm/npm-public/nanoid/-/nanoid-3.3.19.tgz",
      "integrity": "sha512-Y2tUNy4ouw6tq5oDSKeQYGOyhkUBhNOcGV/02KC+6kd9eDGqdZd++mjMiIDilrBYvjEnCYvVtsuHCuP+okSfug==",
      "funding": [
        {
          "type": "github",
          "url": "https://github.com/sponsors/ai"
        }
      ],
      "bin": {
        "nanoid": "bin/nanoid.cjs"
      },
      "engines": {
        "node": "^10 || ^12 || ^13.7 || ^14 || >=15.0.1"
      }
    },
    "node_modules/nostics": {
      "version": "1.2.0",
      "resolved": "https://artifactory.devops.xiaohongshu.com/artifactory/api/npm/npm-public/nostics/-/nostics-1.2.0.tgz",
      "integrity": "sha512-FGqEfhQjrvo1lL8KFifdTQiNwwQHJxC1jtYE1Rc54qF/jxONUNL+kC9gS1krX8Q65PgrQ5fCqH/I4NhWBvdSqg==",
      "license": "MIT"
    },
    "node_modules/perfect-debounce": {
      "version": "2.1.0",
      "resolved": "https://artifactory.devops.xiaohongshu.com/artifactory/api/npm/npm-public/perfect-debounce/download/perfect-debounce-2.1.0.tgz",
      "integrity": "sha1-5weOOPIxyxkYVcMTakQjrvcl0mE=",
      "license": "MIT",
      "peer": true
    },
    "node_modules/picocolors": {
      "version": "1.1.1",
      "resolved": "https://artifactory.devops.xiaohongshu.com/artifactory/api/npm/npm-public/picocolors/download/picocolors-1.1.1.tgz",
      "integrity": "sha1-PTIa8+q5ObCDyPkpodEs2oHCa2s="
    },
    "node_modules/pinia": {
      "version": "4.0.3",
      "resolved": "https://artifactory.devops.xiaohongshu.com/artifactory/api/npm/npm-public/pinia/-/pinia-4.0.3.tgz",
      "integrity": "sha512-XMQqpvjgG7LMqVhhFUzKLT4KEbsYbfZZ0CZU9PgdFm1O2VKBmIkykL8+SfNhOaT7sR0wT6BEgKT0YNDYWgmVRA==",
      "license": "MIT",
      "dependencies": {
        "nostics": "^1.1.4"
      },
      "funding": {
        "url": "https://github.com/sponsors/posva"
      },
      "peerDependencies": {
        "@vue/devtools-api": "^8.1.5",
        "typescript": ">=5.6.0",
        "vue": "^3.5.11"
      },
      "peerDependenciesMeta": {
        "@vue/devtools-api": {
          "optional": false
        },
        "typescript": {
          "optional": true
        }
      }
    },
    "node_modules/postcss": {
      "version": "8.5.28",
      "resolved": "https://artifactory.devops.xiaohongshu.com/artifactory/api/npm/npm-public/postcss/-/postcss-8.5.28.tgz",
      "integrity": "sha512-RRuzqDtt5Y9h3quz5hWhK+TPnsmVs6WwSU6LkJMeY4HstUEDuYTG8UJSdawMRzmzAtV+KEoG8N3Qg2qLy5vM/A==",
      "funding": [
        {
          "type": "opencollective",
          "url": "https://opencollective.com/postcss/"
        },
        {
          "type": "tidelift",
          "url": "https://tidelift.com/funding/github/npm/postcss"
        },
        {
          "type": "github",
          "url": "https://github.com/sponsors/ai"
        }
      ],
      "dependencies": {
        "nanoid": "^3.3.18",
        "picocolors": "^1.1.1",
        "source-map-js": "^1.2.1"
      },
      "engines": {
        "node": "^10 || ^12 || >=14"
      }
    },
    "node_modules/rollup": {
      "version": "4.63.3",
      "resolved": "https://artifactory.devops.xiaohongshu.com/artifactory/api/npm/npm-public/rollup/-/rollup-4.63.3.tgz",
      "integrity": "sha512-1i2XreiAoMMXuPGD6Msj2xWrMMkHojNRKivInxGQcg7/1KuPuYlfUutLyh4drnOxUTHX9cHI4wFoat8D/NKaBw==",
      "dev": true,
      "license": "MIT",
      "dependencies": {
        "@types/estree": "1.0.9"
      },
      "bin": {
        "rollup": "dist/bin/rollup"
      },
      "engines": {
        "node": ">=18.0.0",
        "npm": ">=8.0.0"
      },
      "optionalDependencies": {
        "@napi-rs/lzma-linux-x64-gnu": "1.5.1",
        "@rollup/rollup-android-arm-eabi": "4.63.3",
        "@rollup/rollup-android-arm64": "4.63.3",
        "@rollup/rollup-darwin-arm64": "4.63.3",
        "@rollup/rollup-darwin-x64": "4.63.3",
        "@rollup/rollup-freebsd-arm64": "4.63.3",
        "@rollup/rollup-freebsd-x64": "4.63.3",
        "@rollup/rollup-linux-arm-gnueabihf": "4.63.3",
        "@rollup/rollup-linux-arm-musleabihf": "4.63.3",
        "@rollup/rollup-linux-arm64-gnu": "4.63.3",
        "@rollup/rollup-linux-arm64-musl": "4.63.3",
        "@rollup/rollup-linux-loong64-gnu": "4.63.3",
        "@rollup/rollup-linux-loong64-musl": "4.63.3",
        "@rollup/rollup-linux-ppc64-gnu": "4.63.3",
        "@rollup/rollup-linux-ppc64-musl": "4.63.3",
        "@rollup/rollup-linux-riscv64-gnu": "4.63.3",
        "@rollup/rollup-linux-riscv64-musl": "4.63.3",
        "@rollup/rollup-linux-s390x-gnu": "4.63.3",
        "@rollup/rollup-linux-x64-gnu": "4.63.3",
        "@rollup/rollup-linux-x64-musl": "4.63.3",
        "@rollup/rollup-openbsd-x64": "4.63.3",
        "@rollup/rollup-openharmony-arm64": "4.63.3",
        "@rollup/rollup-win32-arm64-msvc": "4.63.3",
        "@rollup/rollup-win32-ia32-msvc": "4.63.3",
        "@rollup/rollup-win32-x64-gnu": "4.63.3",
        "@rollup/rollup-win32-x64-msvc": "4.63.3",
        "fsevents": "~2.3.2"
      }
    },
    "node_modules/source-map-js": {
      "version": "1.2.1",
      "resolved": "https://artifactory.devops.xiaohongshu.com/artifactory/api/npm/npm-public/source-map-js/download/source-map-js-1.2.1.tgz",
      "integrity": "sha1-HOVlD93YerwJnto33P8CTCZnrkY=",
      "engines": {
        "node": ">=0.10.0"
      }
    },
    "node_modules/tslib": {
      "version": "2.3.0",
      "resolved": "https://artifactory.devops.xiaohongshu.com/artifactory/api/npm/npm-public/tslib/download/tslib-2.3.0.tgz",
      "integrity": "sha1-gDuM2rPhK6WBpMpByIObuw2ssJ4=",
      "license": "0BSD"
    },
    "node_modules/vite": {
      "version": "5.4.21",
      "resolved": "https://artifactory.devops.xiaohongshu.com/artifactory/api/npm/npm-public/vite/-/vite-5.4.21.tgz",
      "integrity": "sha512-o5a9xKjbtuhY6Bi5S3+HvbRERmouabWbyUcpXXUA1u+GNUKoROi9byOJ8M0nHbHYHkYICiMlqxkg1KkYmm25Sw==",
      "dev": true,
      "license": "MIT",
      "dependencies": {
        "esbuild": "^0.21.3",
        "postcss": "^8.4.43",
        "rollup": "^4.20.0"
      },
      "bin": {
        "vite": "bin/vite.js"
      },
      "engines": {
        "node": "^18.0.0 || >=20.0.0"
      },
      "funding": {
        "url": "https://github.com/vitejs/vite?sponsor=1"
      },
      "optionalDependencies": {
        "fsevents": "~2.3.3"
      },
      "peerDependencies": {
        "@types/node": "^18.0.0 || >=20.0.0",
        "less": "*",
        "lightningcss": "^1.21.0",
        "sass": "*",
        "sass-embedded": "*",
        "stylus": "*",
        "sugarss": "*",
        "terser": "^5.4.0"
      },
      "peerDependenciesMeta": {
        "@types/node": {
          "optional": true
        },
        "less": {
          "optional": true
        },
        "lightningcss": {
          "optional": true
        },
        "sass": {
          "optional": true
        },
        "sass-embedded": {
          "optional": true
        },
        "stylus": {
          "optional": true
        },
        "sugarss": {
          "optional": true
        },
        "terser": {
          "optional": true
        }
      }
    },
    "node_modules/vue": {
      "version": "3.5.42",
      "resolved": "https://artifactory.devops.xiaohongshu.com/artifactory/api/npm/npm-public/vue/-/vue-3.5.42.tgz",
      "integrity": "sha512-4RyHQTbQvOPs3MfvUO1Sg0YRrKNnA0mAVtvpd12Tg1fKDN7OHBUl1IqSn8zGJjK9nI3NkNp8cgTpVrSZC5TTcA==",
      "license": "MIT",
      "dependencies": {
        "@vue/compiler-dom": "3.5.42",
        "@vue/compiler-sfc": "3.5.42",
        "@vue/runtime-dom": "3.5.42",
        "@vue/server-renderer": "3.5.42",
        "@vue/shared": "3.5.42"
      },
      "peerDependencies": {
        "typescript": "*"
      },
      "peerDependenciesMeta": {
        "typescript": {
          "optional": true
        }
      }
    },
    "node_modules/vue-router": {
      "version": "4.6.4",
      "resolved": "https://artifactory.devops.xiaohongshu.com/artifactory/api/npm/npm-public/vue-router/-/vue-router-4.6.4.tgz",
      "integrity": "sha512-Hz9q5sa33Yhduglwz6g9skT8OBPii+4bFn88w6J+J4MfEo4KRRpmiNG/hHHkdbRFlLBOqxN8y8gf2Fb0MTUgVg==",
      "license": "MIT",
      "dependencies": {
        "@vue/devtools-api": "^6.6.4"
      },
      "funding": {
        "url": "https://github.com/sponsors/posva"
      },
      "peerDependencies": {
        "vue": "^3.5.0"
      }
    },
    "node_modules/vue-router/node_modules/@vue/devtools-api": {
      "version": "6.6.4",
      "resolved": "https://artifactory.devops.xiaohongshu.com/artifactory/api/npm/npm-public/@vue/devtools-api/-/devtools-api-6.6.4.tgz",
      "integrity": "sha512-sGhTPMuXqZ1rVOk32RylztWkfXTRhuS7vgAKv0zjqk8gbsHkJ7xfFf+jbySxt7tWObEJwyKaHMikV/WGDiQm8g==",
      "license": "MIT"
    },
    "node_modules/zrender": {
      "version": "6.1.0",
      "resolved": "https://artifactory.devops.xiaohongshu.com/artifactory/api/npm/npm-public/zrender/-/zrender-6.1.0.tgz",
      "integrity": "sha512-oEGMDB6pOP2S6OwRR4PdVv610zrjnA3Bh+JnSG12fYJlBKjtNAoEb5fSUoCOOINlH96I2fU38/A2UpRKs67xYQ==",
      "license": "BSD-3-Clause",
      "dependencies": {
        "tslib": "2.3.0"
      }
    }
  }
}
